
Microsoft Visual Studio Solution File, Format Version 12.00
# Visual Studio Version 17
VisualStudioVersion = 17.4.33213.308
MinimumVisualStudioVersion = 10.0.40219.1
Project("{FAE04EC0-301F-11D3-BF4B-00C04F79EFBC}") = "DecentM.UI", "DecentM.UI.csproj", "{F00AB0C7-5B2D-0FE4-F661-D10D7C693973}"
EndProject
Project("{FAE04EC0-301F-11D3-BF4B-00C04F79EFBC}") = "DecentM.VideoPlayer", "DecentM.VideoPlayer.csproj", "{C09956AF-97C1-4321-F33D-E64F11494DB6}"
EndProject
Project("{FAE04EC0-301F-11D3-BF4B-00C04F79EFBC}") = "Assembly-CSharp", "Assembly-CSharp.csproj", "{D1DB08F0-D229-32FD-49FE-3102DD3826C4}"
EndProject
Project("{FAE04EC0-301F-11D3-BF4B-00C04F79EFBC}") = "DecentM.Prefabs", "DecentM.Prefabs.csproj", "{797196E7-0705-8851-2526-65B3A4A2CBE6}"
EndProject
Project("{FAE04EC0-301F-11D3-BF4B-00C04F79EFBC}") = "WorldScripts", "WorldScripts.csproj", "{A5B17C64-F7A7-11F1-17CF-F902BD8227AE}"
EndProject
Project("{FAE04EC0-301F-11D3-BF4B-00C04F79EFBC}") = "DecentM.PerformanceGovernor", "DecentM.PerformanceGovernor.csproj", "{95030DBB-ED10-41A3-20CF-6FF6BBF70F09}"
EndProject
Project("{FAE04EC0-301F-11D3-BF4B-00C04F79EFBC}") = "DecentM.PerformanceGovernor.Editor", "DecentM.PerformanceGovernor.Editor.csproj", "{30D1E6F8-7C69-6DC4-3921-318F0CBFF88D}"
EndProject
Project("{FAE04EC0-301F-11D3-BF4B-00C04F79EFBC}") = "DecentM.Collections.Editor", "DecentM.Collections.Editor.csproj", "{EF728172-EE45-717F-A694-B0A59D237BAB}"
EndProject
Project("{FAE04EC0-301F-11D3-BF4B-00C04F79EFBC}") = "DecentM.VideoRatelimit", "DecentM.VideoRatelimit.csproj", "{0BDFC89A-0BCD-ED73-6383-7D266B41252C}"
EndProject
Project("{FAE04EC0-301F-11D3-BF4B-00C04F79EFBC}") = "DecentM.Shared", "DecentM.Shared.csproj", "{A7E85C1F-A9E4-55E8-7EDD-60E613E9A990}"
EndProject
Project("{FAE04EC0-301F-11D3-BF4B-00C04F79EFBC}") = "DecentM.Collections", "DecentM.Collections.csproj", "{4AC5AD01-3A85-465B-AD7D-E365CB6768E3}"
EndProject
Project("{FAE04EC0-301F-11D3-BF4B-00C04F79EFBC}") = "DecentM.Pubsub", "DecentM.Pubsub.csproj", "{04972041-0DE1-FFF7-9540-9E6E6EDF79E2}"
EndProject
Project("{FAE04EC0-301F-11D3-BF4B-00C04F79EFBC}") = "DecentM.NotificationSystem", "DecentM.NotificationSystem.csproj", "{6B7463C8-AF57-4697-C219-BD2FE7B8EFA0}"
EndProject
Project("{FAE04EC0-301F-11D3-BF4B-00C04F79EFBC}") = "DecentM.YTDlp", "DecentM.YTDlp.csproj", "{E3329006-4DA5-F0A9-0016-AFCA57038B0B}"
EndProject
Project("{FAE04EC0-301F-11D3-BF4B-00C04F79EFBC}") = "Assembly-CSharp-Editor", "Assembly-CSharp-Editor.csproj", "{2077309B-E745-43C3-1FC6-5016F6CA986A}"
EndProject
Project("{FAE04EC0-301F-11D3-BF4B-00C04F79EFBC}") = "DecentM.Shared.Editor", "DecentM.Shared.Editor.csproj", "{579F34EF-3B2C-A1B4-93F3-268F8D78EB14}"
EndProject
Global
	GlobalSection(SolutionConfigurationPlatforms) = preSolution
		Debug|Any CPU = Debug|Any CPU
		Release|Any CPU = Release|Any CPU
	EndGlobalSection
	GlobalSection(ProjectConfigurationPlatforms) = postSolution
		{F00AB0C7-5B2D-0FE4-F661-D10D7C693973}.Debug|Any CPU.ActiveCfg = Debug|Any CPU
		{F00AB0C7-5B2D-0FE4-F661-D10D7C693973}.Debug|Any CPU.Build.0 = Debug|Any CPU
		{F00AB0C7-5B2D-0FE4-F661-D10D7C693973}.Release|Any CPU.ActiveCfg = Release|Any CPU
		{F00AB0C7-5B2D-0FE4-F661-D10D7C693973}.Release|Any CPU.Build.0 = Release|Any CPU
		{C09956AF-97C1-4321-F33D-E64F11494DB6}.Debug|Any CPU.ActiveCfg = Debug|Any CPU
		{C09956AF-97C1-4321-F33D-E64F11494DB6}.Debug|Any CPU.Build.0 = Debug|Any CPU
		{C09956AF-97C1-4321-F33D-E64F11494DB6}.Release|Any CPU.ActiveCfg = Release|Any CPU
		{C09956AF-97C1-4321-F33D-E64F11494DB6}.Release|Any CPU.Build.0 = Release|Any CPU
		{D1DB08F0-D229-32FD-49FE-3102DD3826C4}.Debug|Any CPU.ActiveCfg = Debug|Any CPU
		{D1DB08F0-D229-32FD-49FE-3102DD3826C4}.Debug|Any CPU.Build.0 = Debug|Any CPU
		{D1DB08F0-D229-32FD-49FE-3102DD3826C4}.Release|Any CPU.ActiveCfg = Release|Any CPU
		{D1DB08F0-D229-32FD-49FE-3102DD3826C4}.Release|Any CPU.Build.0 = Release|Any CPU
		{797196E7-0705-8851-2526-65B3A4A2CBE6}.Debug|Any CPU.ActiveCfg = Debug|Any CPU
		{797196E7-0705-8851-2526-65B3A4A2CBE6}.Debug|Any CPU.Build.0 = Debug|Any CPU
		{797196E7-0705-8851-2526-65B3A4A2CBE6}.Release|Any CPU.ActiveCfg = Release|Any CPU
		{797196E7-0705-8851-2526-65B3A4A2CBE6}.Release|Any CPU.Build.0 = Release|Any CPU
		{A5B17C64-F7A7-11F1-17CF-F902BD8227AE}.Debug|Any CPU.ActiveCfg = Debug|Any CPU
		{A5B17C64-F7A7-11F1-17CF-F902BD8227AE}.Debug|Any CPU.Build.0 = Debug|Any CPU
		{A5B17C64-F7A7-11F1-17CF-F902BD8227AE}.Release|Any CPU.ActiveCfg = Release|Any CPU
		{A5B17C64-F7A7-11F1-17CF-F902BD8227AE}.Release|Any CPU.Build.0 = Release|Any CPU
		{95030DBB-ED10-41A3-20CF-6FF6BBF70F09}.Debug|Any CPU.ActiveCfg = Debug|Any CPU
		{95030DBB-ED10-41A3-20CF-6FF6BBF70F09}.Debug|Any CPU.Build.0 = Debug|Any CPU
		{95030DBB-ED10-41A3-20CF-6FF6BBF70F09}.Release|Any CPU.ActiveCfg = Release|Any CPU
		{95030DBB-ED10-41A3-20CF-6FF6BBF70F09}.Release|Any CPU.Build.0 = Release|Any CPU
		{30D1E6F8-7C69-6DC4-3921-318F0CBFF88D}.Debug|Any CPU.ActiveCfg = Debug|Any CPU
		{30D1E6F8-7C69-6DC4-3921-318F0CBFF88D}.Debug|Any CPU.Build.0 = Debug|Any CPU
		{30D1E6F8-7C69-6DC4-3921-318F0CBFF88D}.Release|Any CPU.ActiveCfg = Release|Any CPU
		{30D1E6F8-7C69-6DC4-3921-318F0CBFF88D}.Release|Any CPU.Build.0 = Release|Any CPU
		{EF728172-EE45-717F-A694-B0A59D237BAB}.Debug|Any CPU.ActiveCfg = Debug|Any CPU
		{EF728172-EE45-717F-A694-B0A59D237BAB}.Debug|Any CPU.Build.0 = Debug|Any CPU
		{EF728172-EE45-717F-A694-B0A59D237BAB}.Release|Any CPU.ActiveCfg = Release|Any CPU
		{EF728172-EE45-717F-A694-B0A59D237BAB}.Release|Any CPU.Build.0 = Release|Any CPU
		{0BDFC89A-0BCD-ED73-6383-7D266B41252C}.Debug|Any CPU.ActiveCfg = Debug|Any CPU
		{0BDFC89A-0BCD-ED73-6383-7D266B41252C}.Debug|Any CPU.Build.0 = Debug|Any CPU
		{0BDFC89A-0BCD-ED73-6383-7D266B41252C}.Release|Any CPU.ActiveCfg = Release|Any CPU
		{0BDFC89A-0BCD-ED73-6383-7D266B41252C}.Release|Any CPU.Build.0 = Release|Any CPU
		{A7E85C1F-A9E4-55E8-7EDD-60E613E9A990}.Debug|Any CPU.ActiveCfg = Debug|Any CPU
		{A7E85C1F-A9E4-55E8-7EDD-60E613E9A990}.Debug|Any CPU.Build.0 = Debug|Any CPU
		{A7E85C1F-A9E4-55E8-7EDD-60E613E9A990}.Release|Any CPU.ActiveCfg = Release|Any CPU
		{A7E85C1F-A9E4-55E8-7EDD-60E613E9A990}.Release|Any CPU.Build.0 = Release|Any CPU
		{4AC5AD01-3A85-465B-AD7D-E365CB6768E3}.Debug|Any CPU.ActiveCfg = Debug|Any CPU
		{4AC5AD01-3A85-465B-AD7D-E365CB6768E3}.Debug|Any CPU.Build.0 = Debug|Any CPU
		{4AC5AD01-3A85-465B-AD7D-E365CB6768E3}.Release|Any CPU.ActiveCfg = Release|Any CPU
		{4AC5AD01-3A85-465B-AD7D-E365CB6768E3}.Release|Any CPU.Build.0 = Release|Any CPU
		{04972041-0DE1-FFF7-9540-9E6E6EDF79E2}.Debug|Any CPU.ActiveCfg = Debug|Any CPU
		{04972041-0DE1-FFF7-9540-9E6E6EDF79E2}.Debug|Any CPU.Build.0 = Debug|Any CPU
		{04972041-0DE1-FFF7-9540-9E6E6EDF79E2}.Release|Any CPU.ActiveCfg = Release|Any CPU
		{04972041-0DE1-FFF7-9540-9E6E6EDF79E2}.Release|Any CPU.Build.0 = Release|Any CPU
		{6B7463C8-AF57-4697-C219-BD2FE7B8EFA0}.Debug|Any CPU.ActiveCfg = Debug|Any CPU
		{6B7463C8-AF57-4697-C219-BD2FE7B8EFA0}.Debug|Any CPU.Build.0 = Debug|Any CPU
		{6B7463C8-AF57-4697-C219-BD2FE7B8EFA0}.Release|Any CPU.ActiveCfg = Release|Any CPU
		{6B7463C8-AF57-4697-C219-BD2FE7B8EFA0}.Release|Any CPU.Build.0 = Release|Any CPU
		{E3329006-4DA5-F0A9-0016-AFCA57038B0B}.Debug|Any CPU.ActiveCfg = Debug|Any CPU
		{E3329006-4DA5-F0A9-0016-AFCA57038B0B}.Debug|Any CPU.Build.0 = Debug|Any CPU
		{E3329006-4DA5-F0A9-0016-AFCA57038B0B}.Release|Any CPU.ActiveCfg = Release|Any CPU
		{E3329006-4DA5-F0A9-0016-AFCA57038B0B}.Release|Any CPU.Build.0 = Release|Any CPU
		{2077309B-E745-43C3-1FC6-5016F6CA986A}.Debug|Any CPU.ActiveCfg = Debug|Any CPU
		{2077309B-E745-43C3-1FC6-5016F6CA986A}.Debug|Any CPU.Build.0 = Debug|Any CPU
		{2077309B-E745-43C3-1FC6-5016F6CA986A}.Release|Any CPU.ActiveCfg = Release|Any CPU
		{2077309B-E745-43C3-1FC6-5016F6CA986A}.Release|Any CPU.Build.0 = Release|Any CPU
		{579F34EF-3B2C-A1B4-93F3-268F8D78EB14}.Debug|Any CPU.ActiveCfg = Debug|Any CPU
		{579F34EF-3B2C-A1B4-93F3-268F8D78EB14}.Debug|Any CPU.Build.0 = Debug|Any CPU
		{579F34EF-3B2C-A1B4-93F3-268F8D78EB14}.Release|Any CPU.ActiveCfg = Release|Any CPU
		{579F34EF-3B2C-A1B4-93F3-268F8D78EB14}.Release|Any CPU.Build.0 = Release|Any CPU
	EndGlobalSection
	GlobalSection(SolutionProperties) = preSolution
		HideSolutionNode = FALSE
	EndGlobalSection
	GlobalSection(ExtensibilityGlobals) = postSolution
		SolutionGuid = {8CF0484B-C810-48D7-BA47-B30D0C8F2B76}
	EndGlobalSection
EndGlobal
