
Microsoft Visual Studio Solution File, Format Version 12.00
# Visual Studio 15
Project("{FAE04EC0-301F-11D3-BF4B-00C04F79EFBC}") = "UnityEngine.UI", "UnityEngine.UI.csproj", "{0CD2AE03-5A8C-15D2-9A56-DE9F338A27BA}"
EndProject
Project("{FAE04EC0-301F-11D3-BF4B-00C04F79EFBC}") = "UnityEngine.TestRunner", "UnityEngine.TestRunner.csproj", "{88880CFE-2D60-4929-E21E-0D4D7EC50B5C}"
EndProject
Project("{FAE04EC0-301F-11D3-BF4B-00C04F79EFBC}") = "Unity.Postprocessing.Runtime", "Unity.Postprocessing.Runtime.csproj", "{56FBC107-6015-1737-B069-A20784C7D848}"
EndProject
Project("{FAE04EC0-301F-11D3-BF4B-00C04F79EFBC}") = "Assembly-CSharp", "Assembly-CSharp.csproj", "{DF586E9D-C6DA-D1D7-456D-D061FAF34FE5}"
EndProject
Project("{FAE04EC0-301F-11D3-BF4B-00C04F79EFBC}") = "Unity.InputSystem", "Unity.InputSystem.csproj", "{E39FD8A9-E5D7-7DB4-9184-84E20FD9FC1B}"
EndProject
Project("{FAE04EC0-301F-11D3-BF4B-00C04F79EFBC}") = "Unity.TextMeshPro", "Unity.TextMeshPro.csproj", "{6D1829C3-AEC0-D815-EB82-4E4BBF459634}"
EndProject
Project("{FAE04EC0-301F-11D3-BF4B-00C04F79EFBC}") = "VRC.Udon.Serialization.OdinSerializer", "VRC.Udon.Serialization.OdinSerializer.csproj", "{C6478EE8-2280-A906-51C4-3F7A57CBFD14}"
EndProject
Project("{FAE04EC0-301F-11D3-BF4B-00C04F79EFBC}") = "UdonSharp.Runtime", "UdonSharp.Runtime.csproj", "{F207FDF2-FC8D-3FF8-E6B4-E7228B5BA778}"
EndProject
Project("{FAE04EC0-301F-11D3-BF4B-00C04F79EFBC}") = "Unity.Timeline", "Unity.Timeline.csproj", "{71685982-A3E4-03BD-69E8-57000764549C}"
EndProject
Project("{FAE04EC0-301F-11D3-BF4B-00C04F79EFBC}") = "VRC.Udon", "VRC.Udon.csproj", "{4A1B7C43-F455-7043-77CD-7717AFF7B0D3}"
EndProject
Project("{FAE04EC0-301F-11D3-BF4B-00C04F79EFBC}") = "Cinemachine", "Cinemachine.csproj", "{28AF7372-7F9B-B4E8-B066-C9A57AB9D51C}"
EndProject
Project("{FAE04EC0-301F-11D3-BF4B-00C04F79EFBC}") = "Unity.Mathematics", "Unity.Mathematics.csproj", "{DB45369E-A59B-D786-5797-CA30E80442FA}"
EndProject
Project("{FAE04EC0-301F-11D3-BF4B-00C04F79EFBC}") = "VRC.ClientSim", "VRC.ClientSim.csproj", "{34F5BC94-BA93-DFCD-1F88-34C669C76872}"
EndProject
Project("{FAE04EC0-301F-11D3-BF4B-00C04F79EFBC}") = "Unity.Burst", "Unity.Burst.csproj", "{F6AAC17F-0FAB-AD1B-5255-9F9D99D3C8CD}"
EndProject
Project("{FAE04EC0-301F-11D3-BF4B-00C04F79EFBC}") = "BakeryRuntimeAssembly", "BakeryRuntimeAssembly.csproj", "{5E74822B-1910-32AD-3498-F1619D04A768}"
EndProject
Project("{FAE04EC0-301F-11D3-BF4B-00C04F79EFBC}") = "VRC.SDKBase", "VRC.SDKBase.csproj", "{3359449D-85F4-2EED-5F9C-F912C361EA41}"
EndProject
Project("{FAE04EC0-301F-11D3-BF4B-00C04F79EFBC}") = "VRC.SDK3", "VRC.SDK3.csproj", "{F21FEFFC-DE4F-CECE-6F72-E933F69D9F36}"
EndProject
Project("{FAE04EC0-301F-11D3-BF4B-00C04F79EFBC}") = "UdonSharp.Lib", "UdonSharp.Lib.csproj", "{B52A850F-E39B-1863-303C-8A34C45F26B6}"
EndProject
Project("{FAE04EC0-301F-11D3-BF4B-00C04F79EFBC}") = "VRC.SDKBase.Editor.BuildPipeline", "VRC.SDKBase.Editor.BuildPipeline.csproj", "{22F39F53-4BC5-5898-070C-24FBF6D6D733}"
EndProject
Project("{FAE04EC0-301F-11D3-BF4B-00C04F79EFBC}") = "AltGUI", "AltGUI.csproj", "{350CEB7C-7804-6DCF-1DB9-BD3FB7FD4663}"
EndProject
Project("{FAE04EC0-301F-11D3-BF4B-00C04F79EFBC}") = "UnityEditor.TestRunner", "UnityEditor.TestRunner.csproj", "{B3FAC20B-DD93-6DA7-AD70-110E45EFE454}"
EndProject
Project("{FAE04EC0-301F-11D3-BF4B-00C04F79EFBC}") = "Unity.VisualStudio.Editor", "Unity.VisualStudio.Editor.csproj", "{8EC7DFF6-8CC9-FE97-2FF7-C53D1AD2B34F}"
EndProject
Project("{FAE04EC0-301F-11D3-BF4B-00C04F79EFBC}") = "Unity.TextMeshPro.Editor", "Unity.TextMeshPro.Editor.csproj", "{774EBC4F-AC5C-DE60-4AAC-E87748097A95}"
EndProject
Project("{FAE04EC0-301F-11D3-BF4B-00C04F79EFBC}") = "Unity.Timeline.Editor", "Unity.Timeline.Editor.csproj", "{9970E424-A796-F000-8998-CE27FFF8DA09}"
EndProject
Project("{FAE04EC0-301F-11D3-BF4B-00C04F79EFBC}") = "Unity.PlasticSCM.Editor", "Unity.PlasticSCM.Editor.csproj", "{C0A75602-2B31-04EF-13D5-FB5010DDC128}"
EndProject
Project("{FAE04EC0-301F-11D3-BF4B-00C04F79EFBC}") = "Assembly-CSharp-Editor", "Assembly-CSharp-Editor.csproj", "{A3516447-6055-75AB-1C76-F8E44135E4B4}"
EndProject
Project("{FAE04EC0-301F-11D3-BF4B-00C04F79EFBC}") = "com.unity.cinemachine.editor", "com.unity.cinemachine.editor.csproj", "{1315A5EC-DE69-D723-8E9C-24C13C7E8CC9}"
EndProject
Project("{FAE04EC0-301F-11D3-BF4B-00C04F79EFBC}") = "VRC.Udon.Editor", "VRC.Udon.Editor.csproj", "{C332D50B-EE2C-AFE5-C8DD-445E2CE0568C}"
EndProject
Project("{FAE04EC0-301F-11D3-BF4B-00C04F79EFBC}") = "UdonSharp.Editor", "UdonSharp.Editor.csproj", "{896B8746-8DF7-CA03-6E24-73EEB80AA98C}"
EndProject
Project("{FAE04EC0-301F-11D3-BF4B-00C04F79EFBC}") = "VRC.SDKBase.Editor", "VRC.SDKBase.Editor.csproj", "{C35E973A-D8A4-B6F4-000E-EB248A7496C6}"
EndProject
Project("{FAE04EC0-301F-11D3-BF4B-00C04F79EFBC}") = "UnityEditor.UI", "UnityEditor.UI.csproj", "{2D7D4349-444F-40DA-03F6-25C68B761D92}"
EndProject
Project("{FAE04EC0-301F-11D3-BF4B-00C04F79EFBC}") = "BakeryEditorAssembly", "BakeryEditorAssembly.csproj", "{E8EF96E6-7FF2-A33C-7278-458A10D72EB3}"
EndProject
Project("{FAE04EC0-301F-11D3-BF4B-00C04F79EFBC}") = "VRC.SDK3.Editor", "VRC.SDK3.Editor.csproj", "{0F47C03B-B237-6F08-00EC-8D5F8F4F4EDB}"
EndProject
Project("{FAE04EC0-301F-11D3-BF4B-00C04F79EFBC}") = "Unity.Burst.Editor", "Unity.Burst.Editor.csproj", "{7543905A-6F4E-E8DC-88C4-EE8011F0A782}"
EndProject
Project("{FAE04EC0-301F-11D3-BF4B-00C04F79EFBC}") = "Unity.Rider.Editor", "Unity.Rider.Editor.csproj", "{EDFFFD71-9AE7-80FA-3F69-8740A4AB5E2B}"
EndProject
Project("{FAE04EC0-301F-11D3-BF4B-00C04F79EFBC}") = "VRC.SDKBase.Editor.ShaderStripping", "VRC.SDKBase.Editor.ShaderStripping.csproj", "{5CB75860-DF32-19A6-322D-6DF03B1E40A3}"
EndProject
Project("{FAE04EC0-301F-11D3-BF4B-00C04F79EFBC}") = "Unity.Postprocessing.Editor", "Unity.Postprocessing.Editor.csproj", "{E54D3233-9D3F-BD80-9BE4-3D10FC5B8475}"
EndProject
Project("{FAE04EC0-301F-11D3-BF4B-00C04F79EFBC}") = "Unity.CollabProxy.Editor", "Unity.CollabProxy.Editor.csproj", "{3834E329-C899-7452-1897-16C37EB6B9E0}"
EndProject
Project("{FAE04EC0-301F-11D3-BF4B-00C04F79EFBC}") = "Unity.VSCode.Editor", "Unity.VSCode.Editor.csproj", "{301223FE-E78E-FB1A-1AAD-F525F3AF6756}"
EndProject
Project("{FAE04EC0-301F-11D3-BF4B-00C04F79EFBC}") = "Varneon.WorldCreatorAssistant", "Varneon.WorldCreatorAssistant.csproj", "{BB4064A0-0035-35DD-E512-030C5FF6D5EC}"
EndProject
Project("{FAE04EC0-301F-11D3-BF4B-00C04F79EFBC}") = "VRC.ClientSim.Editor", "VRC.ClientSim.Editor.csproj", "{AA8E53EE-0439-A180-1F37-EE1F91E3E594}"
EndProject
Project("{FAE04EC0-301F-11D3-BF4B-00C04F79EFBC}") = "Unity.Mathematics.Editor", "Unity.Mathematics.Editor.csproj", "{E2A4CE3A-7518-71BD-4EA5-09394A77A29B}"
EndProject
Project("{FAE04EC0-301F-11D3-BF4B-00C04F79EFBC}") = "UnityEngine.UI", "UnityEngine.UI.Player.csproj", "{A848749A-1912-FBC4-BDF8-FD330BCBAD0B}"
EndProject
Project("{FAE04EC0-301F-11D3-BF4B-00C04F79EFBC}") = "UnityEngine.TestRunner", "UnityEngine.TestRunner.Player.csproj", "{B46186EB-CADF-C49B-0B41-6867BC6CF332}"
EndProject
Project("{FAE04EC0-301F-11D3-BF4B-00C04F79EFBC}") = "Unity.Postprocessing.Runtime", "Unity.Postprocessing.Runtime.Player.csproj", "{5539B936-B5E4-AC52-8AB4-B757989E93CF}"
EndProject
Project("{FAE04EC0-301F-11D3-BF4B-00C04F79EFBC}") = "Assembly-CSharp", "Assembly-CSharp.Player.csproj", "{B795F4D9-8FEF-C060-356A-27F620787114}"
EndProject
Project("{FAE04EC0-301F-11D3-BF4B-00C04F79EFBC}") = "Unity.InputSystem", "Unity.InputSystem.Player.csproj", "{5E75371E-9AB0-D463-9F83-8ABA771703DE}"
EndProject
Project("{FAE04EC0-301F-11D3-BF4B-00C04F79EFBC}") = "Unity.TextMeshPro", "Unity.TextMeshPro.Player.csproj", "{CA694198-8E74-74A0-BDA9-5C808CBF1CA1}"
EndProject
Project("{FAE04EC0-301F-11D3-BF4B-00C04F79EFBC}") = "VRC.Udon.Serialization.OdinSerializer", "VRC.Udon.Serialization.OdinSerializer.Player.csproj", "{0F6C0746-B1CB-5ADE-2E5E-A18902FFC05C}"
EndProject
Project("{FAE04EC0-301F-11D3-BF4B-00C04F79EFBC}") = "UdonSharp.Runtime", "UdonSharp.Runtime.Player.csproj", "{206CF67B-DFA1-C8CF-C9B9-A2A8E650206C}"
EndProject
Project("{FAE04EC0-301F-11D3-BF4B-00C04F79EFBC}") = "Unity.Timeline", "Unity.Timeline.Player.csproj", "{C34A767F-2FED-36DA-464D-2D32B94155BE}"
EndProject
Project("{FAE04EC0-301F-11D3-BF4B-00C04F79EFBC}") = "VRC.Udon", "VRC.Udon.Player.csproj", "{F7C28E77-F075-67D8-CFA3-86ECDE6171C2}"
EndProject
Project("{FAE04EC0-301F-11D3-BF4B-00C04F79EFBC}") = "Cinemachine", "Cinemachine.Player.csproj", "{0959F263-6BC5-3AD4-2B0C-3024778C9ECE}"
EndProject
Project("{FAE04EC0-301F-11D3-BF4B-00C04F79EFBC}") = "Unity.Mathematics", "Unity.Mathematics.Player.csproj", "{BD651DF1-5009-B5F6-EDF5-5305C275D593}"
EndProject
Project("{FAE04EC0-301F-11D3-BF4B-00C04F79EFBC}") = "VRC.ClientSim", "VRC.ClientSim.Player.csproj", "{2F76A0AB-2D5D-ED78-10F7-E6B6E053CD69}"
EndProject
Project("{FAE04EC0-301F-11D3-BF4B-00C04F79EFBC}") = "Unity.Burst", "Unity.Burst.Player.csproj", "{9FDAEBD0-7ED3-95B4-881C-43A41E58DB2D}"
EndProject
Project("{FAE04EC0-301F-11D3-BF4B-00C04F79EFBC}") = "BakeryRuntimeAssembly", "BakeryRuntimeAssembly.Player.csproj", "{D86C62F3-9D0E-391D-43F4-01591A34F2F9}"
EndProject
Project("{FAE04EC0-301F-11D3-BF4B-00C04F79EFBC}") = "VRC.SDKBase", "VRC.SDKBase.Player.csproj", "{1F39918D-99B5-186C-A1AE-36BC9F6DE168}"
EndProject
Project("{FAE04EC0-301F-11D3-BF4B-00C04F79EFBC}") = "VRC.SDK3", "VRC.SDK3.Player.csproj", "{4D5DCAF4-861E-2E6A-9D32-1F65928E6E42}"
EndProject
Project("{FAE04EC0-301F-11D3-BF4B-00C04F79EFBC}") = "UdonSharp.Lib", "UdonSharp.Lib.Player.csproj", "{49D45B28-AA33-89C4-65F3-B4E3D70FF69C}"
EndProject
Project("{FAE04EC0-301F-11D3-BF4B-00C04F79EFBC}") = "VRC.SDKBase.Editor.BuildPipeline", "VRC.SDKBase.Editor.BuildPipeline.Player.csproj", "{6888E103-FA98-69A7-0184-EC902818CAB2}"
EndProject
Global
	GlobalSection(SolutionConfigurationPlatforms) = preSolution
		Debug|Any CPU = Debug|Any CPU
		Release|Any CPU = Release|Any CPU
	EndGlobalSection
	GlobalSection(ProjectConfigurationPlatforms) = postSolution
		{0CD2AE03-5A8C-15D2-9A56-DE9F338A27BA}.Debug|Any CPU.ActiveCfg = Debug|Any CPU
		{0CD2AE03-5A8C-15D2-9A56-DE9F338A27BA}.Debug|Any CPU.Build.0 = Debug|Any CPU
		{0CD2AE03-5A8C-15D2-9A56-DE9F338A27BA}.Release|Any CPU.ActiveCfg = Release|Any CPU
		{0CD2AE03-5A8C-15D2-9A56-DE9F338A27BA}.Release|Any CPU.Build.0 = Release|Any CPU
		{88880CFE-2D60-4929-E21E-0D4D7EC50B5C}.Debug|Any CPU.ActiveCfg = Debug|Any CPU
		{88880CFE-2D60-4929-E21E-0D4D7EC50B5C}.Debug|Any CPU.Build.0 = Debug|Any CPU
		{88880CFE-2D60-4929-E21E-0D4D7EC50B5C}.Release|Any CPU.ActiveCfg = Release|Any CPU
		{88880CFE-2D60-4929-E21E-0D4D7EC50B5C}.Release|Any CPU.Build.0 = Release|Any CPU
		{56FBC107-6015-1737-B069-A20784C7D848}.Debug|Any CPU.ActiveCfg = Debug|Any CPU
		{56FBC107-6015-1737-B069-A20784C7D848}.Debug|Any CPU.Build.0 = Debug|Any CPU
		{56FBC107-6015-1737-B069-A20784C7D848}.Release|Any CPU.ActiveCfg = Release|Any CPU
		{56FBC107-6015-1737-B069-A20784C7D848}.Release|Any CPU.Build.0 = Release|Any CPU
		{DF586E9D-C6DA-D1D7-456D-D061FAF34FE5}.Debug|Any CPU.ActiveCfg = Debug|Any CPU
		{DF586E9D-C6DA-D1D7-456D-D061FAF34FE5}.Debug|Any CPU.Build.0 = Debug|Any CPU
		{DF586E9D-C6DA-D1D7-456D-D061FAF34FE5}.Release|Any CPU.ActiveCfg = Release|Any CPU
		{DF586E9D-C6DA-D1D7-456D-D061FAF34FE5}.Release|Any CPU.Build.0 = Release|Any CPU
		{E39FD8A9-E5D7-7DB4-9184-84E20FD9FC1B}.Debug|Any CPU.ActiveCfg = Debug|Any CPU
		{E39FD8A9-E5D7-7DB4-9184-84E20FD9FC1B}.Debug|Any CPU.Build.0 = Debug|Any CPU
		{E39FD8A9-E5D7-7DB4-9184-84E20FD9FC1B}.Release|Any CPU.ActiveCfg = Release|Any CPU
		{E39FD8A9-E5D7-7DB4-9184-84E20FD9FC1B}.Release|Any CPU.Build.0 = Release|Any CPU
		{6D1829C3-AEC0-D815-EB82-4E4BBF459634}.Debug|Any CPU.ActiveCfg = Debug|Any CPU
		{6D1829C3-AEC0-D815-EB82-4E4BBF459634}.Debug|Any CPU.Build.0 = Debug|Any CPU
		{6D1829C3-AEC0-D815-EB82-4E4BBF459634}.Release|Any CPU.ActiveCfg = Release|Any CPU
		{6D1829C3-AEC0-D815-EB82-4E4BBF459634}.Release|Any CPU.Build.0 = Release|Any CPU
		{C6478EE8-2280-A906-51C4-3F7A57CBFD14}.Debug|Any CPU.ActiveCfg = Debug|Any CPU
		{C6478EE8-2280-A906-51C4-3F7A57CBFD14}.Debug|Any CPU.Build.0 = Debug|Any CPU
		{C6478EE8-2280-A906-51C4-3F7A57CBFD14}.Release|Any CPU.ActiveCfg = Release|Any CPU
		{C6478EE8-2280-A906-51C4-3F7A57CBFD14}.Release|Any CPU.Build.0 = Release|Any CPU
		{F207FDF2-FC8D-3FF8-E6B4-E7228B5BA778}.Debug|Any CPU.ActiveCfg = Debug|Any CPU
		{F207FDF2-FC8D-3FF8-E6B4-E7228B5BA778}.Debug|Any CPU.Build.0 = Debug|Any CPU
		{F207FDF2-FC8D-3FF8-E6B4-E7228B5BA778}.Release|Any CPU.ActiveCfg = Release|Any CPU
		{F207FDF2-FC8D-3FF8-E6B4-E7228B5BA778}.Release|Any CPU.Build.0 = Release|Any CPU
		{71685982-A3E4-03BD-69E8-57000764549C}.Debug|Any CPU.ActiveCfg = Debug|Any CPU
		{71685982-A3E4-03BD-69E8-57000764549C}.Debug|Any CPU.Build.0 = Debug|Any CPU
		{71685982-A3E4-03BD-69E8-57000764549C}.Release|Any CPU.ActiveCfg = Release|Any CPU
		{71685982-A3E4-03BD-69E8-57000764549C}.Release|Any CPU.Build.0 = Release|Any CPU
		{4A1B7C43-F455-7043-77CD-7717AFF7B0D3}.Debug|Any CPU.ActiveCfg = Debug|Any CPU
		{4A1B7C43-F455-7043-77CD-7717AFF7B0D3}.Debug|Any CPU.Build.0 = Debug|Any CPU
		{4A1B7C43-F455-7043-77CD-7717AFF7B0D3}.Release|Any CPU.ActiveCfg = Release|Any CPU
		{4A1B7C43-F455-7043-77CD-7717AFF7B0D3}.Release|Any CPU.Build.0 = Release|Any CPU
		{28AF7372-7F9B-B4E8-B066-C9A57AB9D51C}.Debug|Any CPU.ActiveCfg = Debug|Any CPU
		{28AF7372-7F9B-B4E8-B066-C9A57AB9D51C}.Debug|Any CPU.Build.0 = Debug|Any CPU
		{28AF7372-7F9B-B4E8-B066-C9A57AB9D51C}.Release|Any CPU.ActiveCfg = Release|Any CPU
		{28AF7372-7F9B-B4E8-B066-C9A57AB9D51C}.Release|Any CPU.Build.0 = Release|Any CPU
		{DB45369E-A59B-D786-5797-CA30E80442FA}.Debug|Any CPU.ActiveCfg = Debug|Any CPU
		{DB45369E-A59B-D786-5797-CA30E80442FA}.Debug|Any CPU.Build.0 = Debug|Any CPU
		{DB45369E-A59B-D786-5797-CA30E80442FA}.Release|Any CPU.ActiveCfg = Release|Any CPU
		{DB45369E-A59B-D786-5797-CA30E80442FA}.Release|Any CPU.Build.0 = Release|Any CPU
		{34F5BC94-BA93-DFCD-1F88-34C669C76872}.Debug|Any CPU.ActiveCfg = Debug|Any CPU
		{34F5BC94-BA93-DFCD-1F88-34C669C76872}.Debug|Any CPU.Build.0 = Debug|Any CPU
		{34F5BC94-BA93-DFCD-1F88-34C669C76872}.Release|Any CPU.ActiveCfg = Release|Any CPU
		{34F5BC94-BA93-DFCD-1F88-34C669C76872}.Release|Any CPU.Build.0 = Release|Any CPU
		{F6AAC17F-0FAB-AD1B-5255-9F9D99D3C8CD}.Debug|Any CPU.ActiveCfg = Debug|Any CPU
		{F6AAC17F-0FAB-AD1B-5255-9F9D99D3C8CD}.Debug|Any CPU.Build.0 = Debug|Any CPU
		{F6AAC17F-0FAB-AD1B-5255-9F9D99D3C8CD}.Release|Any CPU.ActiveCfg = Release|Any CPU
		{F6AAC17F-0FAB-AD1B-5255-9F9D99D3C8CD}.Release|Any CPU.Build.0 = Release|Any CPU
		{5E74822B-1910-32AD-3498-F1619D04A768}.Debug|Any CPU.ActiveCfg = Debug|Any CPU
		{5E74822B-1910-32AD-3498-F1619D04A768}.Debug|Any CPU.Build.0 = Debug|Any CPU
		{5E74822B-1910-32AD-3498-F1619D04A768}.Release|Any CPU.ActiveCfg = Release|Any CPU
		{5E74822B-1910-32AD-3498-F1619D04A768}.Release|Any CPU.Build.0 = Release|Any CPU
		{3359449D-85F4-2EED-5F9C-F912C361EA41}.Debug|Any CPU.ActiveCfg = Debug|Any CPU
		{3359449D-85F4-2EED-5F9C-F912C361EA41}.Debug|Any CPU.Build.0 = Debug|Any CPU
		{3359449D-85F4-2EED-5F9C-F912C361EA41}.Release|Any CPU.ActiveCfg = Release|Any CPU
		{3359449D-85F4-2EED-5F9C-F912C361EA41}.Release|Any CPU.Build.0 = Release|Any CPU
		{F21FEFFC-DE4F-CECE-6F72-E933F69D9F36}.Debug|Any CPU.ActiveCfg = Debug|Any CPU
		{F21FEFFC-DE4F-CECE-6F72-E933F69D9F36}.Debug|Any CPU.Build.0 = Debug|Any CPU
		{F21FEFFC-DE4F-CECE-6F72-E933F69D9F36}.Release|Any CPU.ActiveCfg = Release|Any CPU
		{F21FEFFC-DE4F-CECE-6F72-E933F69D9F36}.Release|Any CPU.Build.0 = Release|Any CPU
		{B52A850F-E39B-1863-303C-8A34C45F26B6}.Debug|Any CPU.ActiveCfg = Debug|Any CPU
		{B52A850F-E39B-1863-303C-8A34C45F26B6}.Debug|Any CPU.Build.0 = Debug|Any CPU
		{B52A850F-E39B-1863-303C-8A34C45F26B6}.Release|Any CPU.ActiveCfg = Release|Any CPU
		{B52A850F-E39B-1863-303C-8A34C45F26B6}.Release|Any CPU.Build.0 = Release|Any CPU
		{22F39F53-4BC5-5898-070C-24FBF6D6D733}.Debug|Any CPU.ActiveCfg = Debug|Any CPU
		{22F39F53-4BC5-5898-070C-24FBF6D6D733}.Debug|Any CPU.Build.0 = Debug|Any CPU
		{22F39F53-4BC5-5898-070C-24FBF6D6D733}.Release|Any CPU.ActiveCfg = Release|Any CPU
		{22F39F53-4BC5-5898-070C-24FBF6D6D733}.Release|Any CPU.Build.0 = Release|Any CPU
		{350CEB7C-7804-6DCF-1DB9-BD3FB7FD4663}.Debug|Any CPU.ActiveCfg = Debug|Any CPU
		{350CEB7C-7804-6DCF-1DB9-BD3FB7FD4663}.Debug|Any CPU.Build.0 = Debug|Any CPU
		{350CEB7C-7804-6DCF-1DB9-BD3FB7FD4663}.Release|Any CPU.ActiveCfg = Release|Any CPU
		{350CEB7C-7804-6DCF-1DB9-BD3FB7FD4663}.Release|Any CPU.Build.0 = Release|Any CPU
		{B3FAC20B-DD93-6DA7-AD70-110E45EFE454}.Debug|Any CPU.ActiveCfg = Debug|Any CPU
		{B3FAC20B-DD93-6DA7-AD70-110E45EFE454}.Debug|Any CPU.Build.0 = Debug|Any CPU
		{B3FAC20B-DD93-6DA7-AD70-110E45EFE454}.Release|Any CPU.ActiveCfg = Release|Any CPU
		{B3FAC20B-DD93-6DA7-AD70-110E45EFE454}.Release|Any CPU.Build.0 = Release|Any CPU
		{8EC7DFF6-8CC9-FE97-2FF7-C53D1AD2B34F}.Debug|Any CPU.ActiveCfg = Debug|Any CPU
		{8EC7DFF6-8CC9-FE97-2FF7-C53D1AD2B34F}.Debug|Any CPU.Build.0 = Debug|Any CPU
		{8EC7DFF6-8CC9-FE97-2FF7-C53D1AD2B34F}.Release|Any CPU.ActiveCfg = Release|Any CPU
		{8EC7DFF6-8CC9-FE97-2FF7-C53D1AD2B34F}.Release|Any CPU.Build.0 = Release|Any CPU
		{774EBC4F-AC5C-DE60-4AAC-E87748097A95}.Debug|Any CPU.ActiveCfg = Debug|Any CPU
		{774EBC4F-AC5C-DE60-4AAC-E87748097A95}.Debug|Any CPU.Build.0 = Debug|Any CPU
		{774EBC4F-AC5C-DE60-4AAC-E87748097A95}.Release|Any CPU.ActiveCfg = Release|Any CPU
		{774EBC4F-AC5C-DE60-4AAC-E87748097A95}.Release|Any CPU.Build.0 = Release|Any CPU
		{9970E424-A796-F000-8998-CE27FFF8DA09}.Debug|Any CPU.ActiveCfg = Debug|Any CPU
		{9970E424-A796-F000-8998-CE27FFF8DA09}.Debug|Any CPU.Build.0 = Debug|Any CPU
		{9970E424-A796-F000-8998-CE27FFF8DA09}.Release|Any CPU.ActiveCfg = Release|Any CPU
		{9970E424-A796-F000-8998-CE27FFF8DA09}.Release|Any CPU.Build.0 = Release|Any CPU
		{C0A75602-2B31-04EF-13D5-FB5010DDC128}.Debug|Any CPU.ActiveCfg = Debug|Any CPU
		{C0A75602-2B31-04EF-13D5-FB5010DDC128}.Debug|Any CPU.Build.0 = Debug|Any CPU
		{C0A75602-2B31-04EF-13D5-FB5010DDC128}.Release|Any CPU.ActiveCfg = Release|Any CPU
		{C0A75602-2B31-04EF-13D5-FB5010DDC128}.Release|Any CPU.Build.0 = Release|Any CPU
		{A3516447-6055-75AB-1C76-F8E44135E4B4}.Debug|Any CPU.ActiveCfg = Debug|Any CPU
		{A3516447-6055-75AB-1C76-F8E44135E4B4}.Debug|Any CPU.Build.0 = Debug|Any CPU
		{A3516447-6055-75AB-1C76-F8E44135E4B4}.Release|Any CPU.ActiveCfg = Release|Any CPU
		{A3516447-6055-75AB-1C76-F8E44135E4B4}.Release|Any CPU.Build.0 = Release|Any CPU
		{1315A5EC-DE69-D723-8E9C-24C13C7E8CC9}.Debug|Any CPU.ActiveCfg = Debug|Any CPU
		{1315A5EC-DE69-D723-8E9C-24C13C7E8CC9}.Debug|Any CPU.Build.0 = Debug|Any CPU
		{1315A5EC-DE69-D723-8E9C-24C13C7E8CC9}.Release|Any CPU.ActiveCfg = Release|Any CPU
		{1315A5EC-DE69-D723-8E9C-24C13C7E8CC9}.Release|Any CPU.Build.0 = Release|Any CPU
		{C332D50B-EE2C-AFE5-C8DD-445E2CE0568C}.Debug|Any CPU.ActiveCfg = Debug|Any CPU
		{C332D50B-EE2C-AFE5-C8DD-445E2CE0568C}.Debug|Any CPU.Build.0 = Debug|Any CPU
		{C332D50B-EE2C-AFE5-C8DD-445E2CE0568C}.Release|Any CPU.ActiveCfg = Release|Any CPU
		{C332D50B-EE2C-AFE5-C8DD-445E2CE0568C}.Release|Any CPU.Build.0 = Release|Any CPU
		{896B8746-8DF7-CA03-6E24-73EEB80AA98C}.Debug|Any CPU.ActiveCfg = Debug|Any CPU
		{896B8746-8DF7-CA03-6E24-73EEB80AA98C}.Debug|Any CPU.Build.0 = Debug|Any CPU
		{896B8746-8DF7-CA03-6E24-73EEB80AA98C}.Release|Any CPU.ActiveCfg = Release|Any CPU
		{896B8746-8DF7-CA03-6E24-73EEB80AA98C}.Release|Any CPU.Build.0 = Release|Any CPU
		{C35E973A-D8A4-B6F4-000E-EB248A7496C6}.Debug|Any CPU.ActiveCfg = Debug|Any CPU
		{C35E973A-D8A4-B6F4-000E-EB248A7496C6}.Debug|Any CPU.Build.0 = Debug|Any CPU
		{C35E973A-D8A4-B6F4-000E-EB248A7496C6}.Release|Any CPU.ActiveCfg = Release|Any CPU
		{C35E973A-D8A4-B6F4-000E-EB248A7496C6}.Release|Any CPU.Build.0 = Release|Any CPU
		{2D7D4349-444F-40DA-03F6-25C68B761D92}.Debug|Any CPU.ActiveCfg = Debug|Any CPU
		{2D7D4349-444F-40DA-03F6-25C68B761D92}.Debug|Any CPU.Build.0 = Debug|Any CPU
		{2D7D4349-444F-40DA-03F6-25C68B761D92}.Release|Any CPU.ActiveCfg = Release|Any CPU
		{2D7D4349-444F-40DA-03F6-25C68B761D92}.Release|Any CPU.Build.0 = Release|Any CPU
		{E8EF96E6-7FF2-A33C-7278-458A10D72EB3}.Debug|Any CPU.ActiveCfg = Debug|Any CPU
		{E8EF96E6-7FF2-A33C-7278-458A10D72EB3}.Debug|Any CPU.Build.0 = Debug|Any CPU
		{E8EF96E6-7FF2-A33C-7278-458A10D72EB3}.Release|Any CPU.ActiveCfg = Release|Any CPU
		{E8EF96E6-7FF2-A33C-7278-458A10D72EB3}.Release|Any CPU.Build.0 = Release|Any CPU
		{0F47C03B-B237-6F08-00EC-8D5F8F4F4EDB}.Debug|Any CPU.ActiveCfg = Debug|Any CPU
		{0F47C03B-B237-6F08-00EC-8D5F8F4F4EDB}.Debug|Any CPU.Build.0 = Debug|Any CPU
		{0F47C03B-B237-6F08-00EC-8D5F8F4F4EDB}.Release|Any CPU.ActiveCfg = Release|Any CPU
		{0F47C03B-B237-6F08-00EC-8D5F8F4F4EDB}.Release|Any CPU.Build.0 = Release|Any CPU
		{7543905A-6F4E-E8DC-88C4-EE8011F0A782}.Debug|Any CPU.ActiveCfg = Debug|Any CPU
		{7543905A-6F4E-E8DC-88C4-EE8011F0A782}.Debug|Any CPU.Build.0 = Debug|Any CPU
		{7543905A-6F4E-E8DC-88C4-EE8011F0A782}.Release|Any CPU.ActiveCfg = Release|Any CPU
		{7543905A-6F4E-E8DC-88C4-EE8011F0A782}.Release|Any CPU.Build.0 = Release|Any CPU
		{EDFFFD71-9AE7-80FA-3F69-8740A4AB5E2B}.Debug|Any CPU.ActiveCfg = Debug|Any CPU
		{EDFFFD71-9AE7-80FA-3F69-8740A4AB5E2B}.Debug|Any CPU.Build.0 = Debug|Any CPU
		{EDFFFD71-9AE7-80FA-3F69-8740A4AB5E2B}.Release|Any CPU.ActiveCfg = Release|Any CPU
		{EDFFFD71-9AE7-80FA-3F69-8740A4AB5E2B}.Release|Any CPU.Build.0 = Release|Any CPU
		{5CB75860-DF32-19A6-322D-6DF03B1E40A3}.Debug|Any CPU.ActiveCfg = Debug|Any CPU
		{5CB75860-DF32-19A6-322D-6DF03B1E40A3}.Debug|Any CPU.Build.0 = Debug|Any CPU
		{5CB75860-DF32-19A6-322D-6DF03B1E40A3}.Release|Any CPU.ActiveCfg = Release|Any CPU
		{5CB75860-DF32-19A6-322D-6DF03B1E40A3}.Release|Any CPU.Build.0 = Release|Any CPU
		{E54D3233-9D3F-BD80-9BE4-3D10FC5B8475}.Debug|Any CPU.ActiveCfg = Debug|Any CPU
		{E54D3233-9D3F-BD80-9BE4-3D10FC5B8475}.Debug|Any CPU.Build.0 = Debug|Any CPU
		{E54D3233-9D3F-BD80-9BE4-3D10FC5B8475}.Release|Any CPU.ActiveCfg = Release|Any CPU
		{E54D3233-9D3F-BD80-9BE4-3D10FC5B8475}.Release|Any CPU.Build.0 = Release|Any CPU
		{3834E329-C899-7452-1897-16C37EB6B9E0}.Debug|Any CPU.ActiveCfg = Debug|Any CPU
		{3834E329-C899-7452-1897-16C37EB6B9E0}.Debug|Any CPU.Build.0 = Debug|Any CPU
		{3834E329-C899-7452-1897-16C37EB6B9E0}.Release|Any CPU.ActiveCfg = Release|Any CPU
		{3834E329-C899-7452-1897-16C37EB6B9E0}.Release|Any CPU.Build.0 = Release|Any CPU
		{301223FE-E78E-FB1A-1AAD-F525F3AF6756}.Debug|Any CPU.ActiveCfg = Debug|Any CPU
		{301223FE-E78E-FB1A-1AAD-F525F3AF6756}.Debug|Any CPU.Build.0 = Debug|Any CPU
		{301223FE-E78E-FB1A-1AAD-F525F3AF6756}.Release|Any CPU.ActiveCfg = Release|Any CPU
		{301223FE-E78E-FB1A-1AAD-F525F3AF6756}.Release|Any CPU.Build.0 = Release|Any CPU
		{BB4064A0-0035-35DD-E512-030C5FF6D5EC}.Debug|Any CPU.ActiveCfg = Debug|Any CPU
		{BB4064A0-0035-35DD-E512-030C5FF6D5EC}.Debug|Any CPU.Build.0 = Debug|Any CPU
		{BB4064A0-0035-35DD-E512-030C5FF6D5EC}.Release|Any CPU.ActiveCfg = Release|Any CPU
		{BB4064A0-0035-35DD-E512-030C5FF6D5EC}.Release|Any CPU.Build.0 = Release|Any CPU
		{AA8E53EE-0439-A180-1F37-EE1F91E3E594}.Debug|Any CPU.ActiveCfg = Debug|Any CPU
		{AA8E53EE-0439-A180-1F37-EE1F91E3E594}.Debug|Any CPU.Build.0 = Debug|Any CPU
		{AA8E53EE-0439-A180-1F37-EE1F91E3E594}.Release|Any CPU.ActiveCfg = Release|Any CPU
		{AA8E53EE-0439-A180-1F37-EE1F91E3E594}.Release|Any CPU.Build.0 = Release|Any CPU
		{E2A4CE3A-7518-71BD-4EA5-09394A77A29B}.Debug|Any CPU.ActiveCfg = Debug|Any CPU
		{E2A4CE3A-7518-71BD-4EA5-09394A77A29B}.Debug|Any CPU.Build.0 = Debug|Any CPU
		{E2A4CE3A-7518-71BD-4EA5-09394A77A29B}.Release|Any CPU.ActiveCfg = Release|Any CPU
		{E2A4CE3A-7518-71BD-4EA5-09394A77A29B}.Release|Any CPU.Build.0 = Release|Any CPU
		{A848749A-1912-FBC4-BDF8-FD330BCBAD0B}.Debug|Any CPU.ActiveCfg = Debug|Any CPU
		{A848749A-1912-FBC4-BDF8-FD330BCBAD0B}.Debug|Any CPU.Build.0 = Debug|Any CPU
		{A848749A-1912-FBC4-BDF8-FD330BCBAD0B}.Release|Any CPU.ActiveCfg = Release|Any CPU
		{A848749A-1912-FBC4-BDF8-FD330BCBAD0B}.Release|Any CPU.Build.0 = Release|Any CPU
		{B46186EB-CADF-C49B-0B41-6867BC6CF332}.Debug|Any CPU.ActiveCfg = Debug|Any CPU
		{B46186EB-CADF-C49B-0B41-6867BC6CF332}.Debug|Any CPU.Build.0 = Debug|Any CPU
		{B46186EB-CADF-C49B-0B41-6867BC6CF332}.Release|Any CPU.ActiveCfg = Release|Any CPU
		{B46186EB-CADF-C49B-0B41-6867BC6CF332}.Release|Any CPU.Build.0 = Release|Any CPU
		{5539B936-B5E4-AC52-8AB4-B757989E93CF}.Debug|Any CPU.ActiveCfg = Debug|Any CPU
		{5539B936-B5E4-AC52-8AB4-B757989E93CF}.Debug|Any CPU.Build.0 = Debug|Any CPU
		{5539B936-B5E4-AC52-8AB4-B757989E93CF}.Release|Any CPU.ActiveCfg = Release|Any CPU
		{5539B936-B5E4-AC52-8AB4-B757989E93CF}.Release|Any CPU.Build.0 = Release|Any CPU
		{B795F4D9-8FEF-C060-356A-27F620787114}.Debug|Any CPU.ActiveCfg = Debug|Any CPU
		{B795F4D9-8FEF-C060-356A-27F620787114}.Debug|Any CPU.Build.0 = Debug|Any CPU
		{B795F4D9-8FEF-C060-356A-27F620787114}.Release|Any CPU.ActiveCfg = Release|Any CPU
		{B795F4D9-8FEF-C060-356A-27F620787114}.Release|Any CPU.Build.0 = Release|Any CPU
		{5E75371E-9AB0-D463-9F83-8ABA771703DE}.Debug|Any CPU.ActiveCfg = Debug|Any CPU
		{5E75371E-9AB0-D463-9F83-8ABA771703DE}.Debug|Any CPU.Build.0 = Debug|Any CPU
		{5E75371E-9AB0-D463-9F83-8ABA771703DE}.Release|Any CPU.ActiveCfg = Release|Any CPU
		{5E75371E-9AB0-D463-9F83-8ABA771703DE}.Release|Any CPU.Build.0 = Release|Any CPU
		{CA694198-8E74-74A0-BDA9-5C808CBF1CA1}.Debug|Any CPU.ActiveCfg = Debug|Any CPU
		{CA694198-8E74-74A0-BDA9-5C808CBF1CA1}.Debug|Any CPU.Build.0 = Debug|Any CPU
		{CA694198-8E74-74A0-BDA9-5C808CBF1CA1}.Release|Any CPU.ActiveCfg = Release|Any CPU
		{CA694198-8E74-74A0-BDA9-5C808CBF1CA1}.Release|Any CPU.Build.0 = Release|Any CPU
		{0F6C0746-B1CB-5ADE-2E5E-A18902FFC05C}.Debug|Any CPU.ActiveCfg = Debug|Any CPU
		{0F6C0746-B1CB-5ADE-2E5E-A18902FFC05C}.Debug|Any CPU.Build.0 = Debug|Any CPU
		{0F6C0746-B1CB-5ADE-2E5E-A18902FFC05C}.Release|Any CPU.ActiveCfg = Release|Any CPU
		{0F6C0746-B1CB-5ADE-2E5E-A18902FFC05C}.Release|Any CPU.Build.0 = Release|Any CPU
		{206CF67B-DFA1-C8CF-C9B9-A2A8E650206C}.Debug|Any CPU.ActiveCfg = Debug|Any CPU
		{206CF67B-DFA1-C8CF-C9B9-A2A8E650206C}.Debug|Any CPU.Build.0 = Debug|Any CPU
		{206CF67B-DFA1-C8CF-C9B9-A2A8E650206C}.Release|Any CPU.ActiveCfg = Release|Any CPU
		{206CF67B-DFA1-C8CF-C9B9-A2A8E650206C}.Release|Any CPU.Build.0 = Release|Any CPU
		{C34A767F-2FED-36DA-464D-2D32B94155BE}.Debug|Any CPU.ActiveCfg = Debug|Any CPU
		{C34A767F-2FED-36DA-464D-2D32B94155BE}.Debug|Any CPU.Build.0 = Debug|Any CPU
		{C34A767F-2FED-36DA-464D-2D32B94155BE}.Release|Any CPU.ActiveCfg = Release|Any CPU
		{C34A767F-2FED-36DA-464D-2D32B94155BE}.Release|Any CPU.Build.0 = Release|Any CPU
		{F7C28E77-F075-67D8-CFA3-86ECDE6171C2}.Debug|Any CPU.ActiveCfg = Debug|Any CPU
		{F7C28E77-F075-67D8-CFA3-86ECDE6171C2}.Debug|Any CPU.Build.0 = Debug|Any CPU
		{F7C28E77-F075-67D8-CFA3-86ECDE6171C2}.Release|Any CPU.ActiveCfg = Release|Any CPU
		{F7C28E77-F075-67D8-CFA3-86ECDE6171C2}.Release|Any CPU.Build.0 = Release|Any CPU
		{0959F263-6BC5-3AD4-2B0C-3024778C9ECE}.Debug|Any CPU.ActiveCfg = Debug|Any CPU
		{0959F263-6BC5-3AD4-2B0C-3024778C9ECE}.Debug|Any CPU.Build.0 = Debug|Any CPU
		{0959F263-6BC5-3AD4-2B0C-3024778C9ECE}.Release|Any CPU.ActiveCfg = Release|Any CPU
		{0959F263-6BC5-3AD4-2B0C-3024778C9ECE}.Release|Any CPU.Build.0 = Release|Any CPU
		{BD651DF1-5009-B5F6-EDF5-5305C275D593}.Debug|Any CPU.ActiveCfg = Debug|Any CPU
		{BD651DF1-5009-B5F6-EDF5-5305C275D593}.Debug|Any CPU.Build.0 = Debug|Any CPU
		{BD651DF1-5009-B5F6-EDF5-5305C275D593}.Release|Any CPU.ActiveCfg = Release|Any CPU
		{BD651DF1-5009-B5F6-EDF5-5305C275D593}.Release|Any CPU.Build.0 = Release|Any CPU
		{2F76A0AB-2D5D-ED78-10F7-E6B6E053CD69}.Debug|Any CPU.ActiveCfg = Debug|Any CPU
		{2F76A0AB-2D5D-ED78-10F7-E6B6E053CD69}.Debug|Any CPU.Build.0 = Debug|Any CPU
		{2F76A0AB-2D5D-ED78-10F7-E6B6E053CD69}.Release|Any CPU.ActiveCfg = Release|Any CPU
		{2F76A0AB-2D5D-ED78-10F7-E6B6E053CD69}.Release|Any CPU.Build.0 = Release|Any CPU
		{9FDAEBD0-7ED3-95B4-881C-43A41E58DB2D}.Debug|Any CPU.ActiveCfg = Debug|Any CPU
		{9FDAEBD0-7ED3-95B4-881C-43A41E58DB2D}.Debug|Any CPU.Build.0 = Debug|Any CPU
		{9FDAEBD0-7ED3-95B4-881C-43A41E58DB2D}.Release|Any CPU.ActiveCfg = Release|Any CPU
		{9FDAEBD0-7ED3-95B4-881C-43A41E58DB2D}.Release|Any CPU.Build.0 = Release|Any CPU
		{D86C62F3-9D0E-391D-43F4-01591A34F2F9}.Debug|Any CPU.ActiveCfg = Debug|Any CPU
		{D86C62F3-9D0E-391D-43F4-01591A34F2F9}.Debug|Any CPU.Build.0 = Debug|Any CPU
		{D86C62F3-9D0E-391D-43F4-01591A34F2F9}.Release|Any CPU.ActiveCfg = Release|Any CPU
		{D86C62F3-9D0E-391D-43F4-01591A34F2F9}.Release|Any CPU.Build.0 = Release|Any CPU
		{1F39918D-99B5-186C-A1AE-36BC9F6DE168}.Debug|Any CPU.ActiveCfg = Debug|Any CPU
		{1F39918D-99B5-186C-A1AE-36BC9F6DE168}.Debug|Any CPU.Build.0 = Debug|Any CPU
		{1F39918D-99B5-186C-A1AE-36BC9F6DE168}.Release|Any CPU.ActiveCfg = Release|Any CPU
		{1F39918D-99B5-186C-A1AE-36BC9F6DE168}.Release|Any CPU.Build.0 = Release|Any CPU
		{4D5DCAF4-861E-2E6A-9D32-1F65928E6E42}.Debug|Any CPU.ActiveCfg = Debug|Any CPU
		{4D5DCAF4-861E-2E6A-9D32-1F65928E6E42}.Debug|Any CPU.Build.0 = Debug|Any CPU
		{4D5DCAF4-861E-2E6A-9D32-1F65928E6E42}.Release|Any CPU.ActiveCfg = Release|Any CPU
		{4D5DCAF4-861E-2E6A-9D32-1F65928E6E42}.Release|Any CPU.Build.0 = Release|Any CPU
		{49D45B28-AA33-89C4-65F3-B4E3D70FF69C}.Debug|Any CPU.ActiveCfg = Debug|Any CPU
		{49D45B28-AA33-89C4-65F3-B4E3D70FF69C}.Debug|Any CPU.Build.0 = Debug|Any CPU
		{49D45B28-AA33-89C4-65F3-B4E3D70FF69C}.Release|Any CPU.ActiveCfg = Release|Any CPU
		{49D45B28-AA33-89C4-65F3-B4E3D70FF69C}.Release|Any CPU.Build.0 = Release|Any CPU
		{6888E103-FA98-69A7-0184-EC902818CAB2}.Debug|Any CPU.ActiveCfg = Debug|Any CPU
		{6888E103-FA98-69A7-0184-EC902818CAB2}.Debug|Any CPU.Build.0 = Debug|Any CPU
		{6888E103-FA98-69A7-0184-EC902818CAB2}.Release|Any CPU.ActiveCfg = Release|Any CPU
		{6888E103-FA98-69A7-0184-EC902818CAB2}.Release|Any CPU.Build.0 = Release|Any CPU
	EndGlobalSection
	GlobalSection(SolutionProperties) = preSolution
		HideSolutionNode = FALSE
	EndGlobalSection
EndGlobal
