
Microsoft Visual Studio Solution File, Format Version 12.00
# Visual Studio Version 17
VisualStudioVersion = 17.2.32616.157
MinimumVisualStudioVersion = 10.0.40219.1
Project("{FAE04EC0-301F-11D3-BF4B-00C04F79EFBC}") = "NoSteamRestart", "src\Mods\NoSteamRestart\NoSteamRestart.csproj", "{6E0FF123-F41B-4C4F-A091-D46CDFA5554B}"
EndProject
Global
	GlobalSection(SolutionConfigurationPlatforms) = preSolution
		Debug|Any CPU = Debug|Any CPU
		Release|Any CPU = Release|Any CPU
	EndGlobalSection
	GlobalSection(ProjectConfigurationPlatforms) = postSolution
		{6E0FF123-F41B-4C4F-A091-D46CDFA5554B}.Debug|Any CPU.ActiveCfg = Debug|Any CPU
		{6E0FF123-F41B-4C4F-A091-D46CDFA5554B}.Debug|Any CPU.Build.0 = Debug|Any CPU
		{6E0FF123-F41B-4C4F-A091-D46CDFA5554B}.Release|Any CPU.ActiveCfg = Release|Any CPU
		{6E0FF123-F41B-4C4F-A091-D46CDFA5554B}.Release|Any CPU.Build.0 = Release|Any CPU
	EndGlobalSection
	GlobalSection(SolutionProperties) = preSolution
		HideSolutionNode = FALSE
	EndGlobalSection
	GlobalSection(ExtensibilityGlobals) = postSolution
		SolutionGuid = {8BD6DDD9-6687-476A-9189-22689083AC79}
	EndGlobalSection
EndGlobal
